<?xml version="1.0" encoding="utf-8"?>
<Project ToolsVersion="4.0" xmlns="http://schemas.microsoft.com/developer/msbuild/2003">
  <ItemGroup>
    <Filter Include="Platform">
      <UniqueIdentifier>{2AC788B4-1694-E3BF-3FAD-D1672BD9184E}</UniqueIdentifier>
    </Filter>
    <Filter Include="Platform\OpenGL">
      <UniqueIdentifier>{1E7D2C1D-8A08-9AE1-9319-1DD6FF23F6E1}</UniqueIdentifier>
    </Filter>
    <Filter Include="Platform\Windows">
      <UniqueIdentifier>{64FBD71A-50F4-F66C-7926-DCF1657ED678}</UniqueIdentifier>
    </Filter>
    <Filter Include="Spectrum_core">
      <UniqueIdentifier>{E04031F2-4C01-AD28-153C-F6A581BBF104}</UniqueIdentifier>
    </Filter>
    <Filter Include="Spectrum_core\Events">
      <UniqueIdentifier>{C430596B-B0BF-E234-59DE-F62F454CF3DA}</UniqueIdentifier>
    </Filter>
    <Filter Include="Spectrum_core\ImGui">
      <UniqueIdentifier>{0ADE1E70-763F-FC7D-FFAC-42306B0D333D}</UniqueIdentifier>
    </Filter>
  </ItemGroup>
  <ItemGroup>
    <ClInclude Include="src\Platform\OpenGL\ImGuiOpenGLRenderer.h">
      <Filter>Platform\OpenGL</Filter>
    </ClInclude>
    <ClInclude Include="src\Platform\Windows\WindowsWindow.h">
      <Filter>Platform\Windows</Filter>
    </ClInclude>
    <ClInclude Include="src\Spectrum.h" />
    <ClInclude Include="src\Spectrum_core\Application.h">
      <Filter>Spectrum_core</Filter>
    </ClInclude>
    <ClInclude Include="src\Spectrum_core\Core.h">
      <Filter>Spectrum_core</Filter>
    </ClInclude>
    <ClInclude Include="src\Spectrum_core\EntryPoint.h">
      <Filter>Spectrum_core</Filter>
    </ClInclude>
    <ClInclude Include="src\Spectrum_core\Events\ApplicationEvent.h">
      <Filter>Spectrum_core\Events</Filter>
    </ClInclude>
    <ClInclude Include="src\Spectrum_core\Events\Event.h">
      <Filter>Spectrum_core\Events</Filter>
    </ClInclude>
    <ClInclude Include="src\Spectrum_core\Events\KeyEvent.h">
      <Filter>Spectrum_core\Events</Filter>
    </ClInclude>
    <ClInclude Include="src\Spectrum_core\Events\MouseEvent.h">
      <Filter>Spectrum_core\Events</Filter>
    </ClInclude>
    <ClInclude Include="src\Spectrum_core\ImGui\ImGuiLayer.h">
      <Filter>Spectrum_core\ImGui</Filter>
    </ClInclude>
    <ClInclude Include="src\Spectrum_core\Layer.h">
      <Filter>Spectrum_core</Filter>
    </ClInclude>
    <ClInclude Include="src\Spectrum_core\LayerStack.h">
      <Filter>Spectrum_core</Filter>
    </ClInclude>
    <ClInclude Include="src\Spectrum_core\Log.h">
      <Filter>Spectrum_core</Filter>
    </ClInclude>
    <ClInclude Include="src\Spectrum_core\Window.h">
      <Filter>Spectrum_core</Filter>
    </ClInclude>
    <ClInclude Include="src\sppch.h" />
    <ClInclude Include="src\Spectrum_core\Input.h" />
    <ClInclude Include="src\Platform\Windows\WindowsInput.h" />
    <ClInclude Include="src\Spectrum_core\KeyCodes.h" />
    <ClInclude Include="src\Spectrum_core\MouseButtonCodes.h" />
  </ItemGroup>
  <ItemGroup>
    <ClCompile Include="src\Platform\OpenGL\ImGuiOpenGLRenderer.cpp">
      <Filter>Platform\OpenGL</Filter>
    </ClCompile>
    <ClCompile Include="src\Platform\Windows\WindowsWindow.cpp">
      <Filter>Platform\Windows</Filter>
    </ClCompile>
    <ClCompile Include="src\Spectrum_core\Application.cpp">
      <Filter>Spectrum_core</Filter>
    </ClCompile>
    <ClCompile Include="src\Spectrum_core\ImGui\ImGuiLayer.cpp">
      <Filter>Spectrum_core\ImGui</Filter>
    </ClCompile>
    <ClCompile Include="src\Spectrum_core\Layer.cpp">
      <Filter>Spectrum_core</Filter>
    </ClCompile>
    <ClCompile Include="src\Spectrum_core\LayerStack.cpp">
      <Filter>Spectrum_core</Filter>
    </ClCompile>
    <ClCompile Include="src\Spectrum_core\Log.cpp">
      <Filter>Spectrum_core</Filter>
    </ClCompile>
    <ClCompile Include="src\sppch.cpp" />
    <ClCompile Include="src\Platform\Windows\WindowsInput.cpp" />
  </ItemGroup>
</Project>